
Microsoft Visual Studio Solution File, Format Version 12.00
# Visual Studio 15
VisualStudioVersion = 15.0.27428.2037
MinimumVisualStudioVersion = 10.0.40219.1
Project("{FAE04EC0-301F-11D3-BF4B-00C04F79EFBC}") = "ME_Model", "Model\ME_Model.csproj", "{2C715C2D-4798-45D7-B8F1-E628EB1991FF}"
EndProject
Project("{FAE04EC0-301F-11D3-BF4B-00C04F79EFBC}") = "ME_ViewModelBase", "ViewModelBase\ME_ViewModelBase.csproj", "{A8CEE97A-CE0F-42C6-8758-0C95A5DA9CE1}"
EndProject
Project("{FAE04EC0-301F-11D3-BF4B-00C04F79EFBC}") = "ME_ViewModel", "ViewModel\ME_ViewModel.csproj", "{F7C83B76-F018-4CB8-BA5A-3936DCD7EE0F}"
EndProject
Global
	GlobalSection(SolutionConfigurationPlatforms) = preSolution
		Debug|Any CPU = Debug|Any CPU
		Release|Any CPU = Release|Any CPU
	EndGlobalSection
	GlobalSection(ProjectConfigurationPlatforms) = postSolution
		{2C715C2D-4798-45D7-B8F1-E628EB1991FF}.Debug|Any CPU.ActiveCfg = Debug|Any CPU
		{2C715C2D-4798-45D7-B8F1-E628EB1991FF}.Debug|Any CPU.Build.0 = Debug|Any CPU
		{2C715C2D-4798-45D7-B8F1-E628EB1991FF}.Release|Any CPU.ActiveCfg = Release|Any CPU
		{2C715C2D-4798-45D7-B8F1-E628EB1991FF}.Release|Any CPU.Build.0 = Release|Any CPU
		{A8CEE97A-CE0F-42C6-8758-0C95A5DA9CE1}.Debug|Any CPU.ActiveCfg = Debug|Any CPU
		{A8CEE97A-CE0F-42C6-8758-0C95A5DA9CE1}.Debug|Any CPU.Build.0 = Debug|Any CPU
		{A8CEE97A-CE0F-42C6-8758-0C95A5DA9CE1}.Release|Any CPU.ActiveCfg = Release|Any CPU
		{A8CEE97A-CE0F-42C6-8758-0C95A5DA9CE1}.Release|Any CPU.Build.0 = Release|Any CPU
		{F7C83B76-F018-4CB8-BA5A-3936DCD7EE0F}.Debug|Any CPU.ActiveCfg = Debug|Any CPU
		{F7C83B76-F018-4CB8-BA5A-3936DCD7EE0F}.Debug|Any CPU.Build.0 = Debug|Any CPU
		{F7C83B76-F018-4CB8-BA5A-3936DCD7EE0F}.Release|Any CPU.ActiveCfg = Release|Any CPU
		{F7C83B76-F018-4CB8-BA5A-3936DCD7EE0F}.Release|Any CPU.Build.0 = Release|Any CPU
	EndGlobalSection
	GlobalSection(SolutionProperties) = preSolution
		HideSolutionNode = FALSE
	EndGlobalSection
	GlobalSection(ExtensibilityGlobals) = postSolution
		SolutionGuid = {0CDCAEA5-BD55-4CAC-B032-E3E638F2A699}
	EndGlobalSection
EndGlobal
